<?xml version="1.0" encoding="utf-8"?>
<Project ToolsVersion="4.0" xmlns="http://schemas.microsoft.com/developer/msbuild/2003">
  <ItemGroup>
    <ClCompile Include="array.cpp" />
    <ClCompile Include="chgsign.cpp" />
    <ClCompile Include="copysign.cpp" />
    <ClCompile Include="dy2402.cpp" />
    <ClCompile Include="finite.cpp" />
    <ClCompile Include="xllatan2.cpp" />
    <ClCompile Include="fy2214.cpp" />
    <ClCompile Include="xllerf.cpp" />
    <ClCompile Include="hz2652.cpp" />
    <ClCompile Include="jh4205.cpp" />
    <ClCompile Include="jl5371.cpp" />
    <ClCompile Include="jl5488.cpp" />
    <ClCompile Include="jrk2177.cpp" />
    <ClCompile Include="xllasinh.cpp" />
    <ClCompile Include="xllremquo.cpp" />
    <ClCompile Include="ldexp.cpp" />
    <ClCompile Include="mv2705.cpp" />
    <ClCompile Include="nn2404.cpp" />
    <ClCompile Include="polynomial.cpp" />
    <ClCompile Include="reverse.cpp" />
    <ClCompile Include="sm4723.cpp" />
    <ClCompile Include="tk2749.cpp" />
    <ClCompile Include="tvp2110.cpp" />
    <ClCompile Include="tw2691.cpp" />
    <ClCompile Include="wm2404.cpp" />
    <ClCompile Include="xl2940.cpp" />
    <ClCompile Include="xllcos.cpp" />
    <ClCompile Include="xllerfc.cpp" />
    <ClCompile Include="xllfloat.cpp" />
    <ClCompile Include="float_bits.cpp" />
    <ClCompile Include="frexp.cpp" />
    <ClCompile Include="limits.cpp" />
    <ClCompile Include="nextafter.cpp" />
    <ClCompile Include="popcount.cpp" />
    <ClCompile Include="ulp.cpp" />
    <ClCompile Include="hw3.cpp" />
    <ClCompile Include="xw2608.cpp" />
    <ClCompile Include="yc3679.cpp" />
    <ClCompile Include="yg2631.cpp" />
    <ClCompile Include="xllpow.cpp" />
    <ClCompile Include="xlllogb.cpp" />
    <ClCompile Include="xllcbrt.cpp" />
    <ClCompile Include="xllexpm1.cpp" />
    <ClCompile Include="xllfmin.cpp" />
    <ClCompile Include="xllsin.cpp" />
    <ClCompile Include="xllround.cpp" />
    <ClCompile Include="xllnearbyint.cpp" />
    <ClCompile Include="xlltanh.cpp" />
    <ClCompile Include="xllfabs.cpp" />
    <ClCompile Include="xllmodf.cpp" />
    <ClCompile Include="xllfmax.cpp" />
    <ClCompile Include="xllexp2.cpp" />
    <ClCompile Include="xllsinh.cpp" />
    <ClCompile Include="xllcosh.cpp" />
    <ClCompile Include="xllfmod.cpp" />
    <ClCompile Include="xllacosh.cpp" />
    <ClCompile Include="xllfma.cpp" />
  </ItemGroup>
  <ItemGroup>
    <ClInclude Include="Header.h" />
    <ClInclude Include="fmsroot1d.h" />
    <ClInclude Include="xllfloat.h" />
    <ClInclude Include="popcount.h" />
    <ClInclude Include="ulp.h" />
  </ItemGroup>
  <ItemGroup>
    <None Include="Debug\hw2.xlsx" />
    <None Include="hw3.md" />
    <None Include="hw3.xlsx" />
    <None Include="README.md" />
  </ItemGroup>
</Project>