<?xml version="1.0" encoding="utf-8"?>
<Project ToolsVersion="4.0" xmlns="http://schemas.microsoft.com/developer/msbuild/2003">
  <ItemGroup>
    <Filter Include="Source Files">
      <UniqueIdentifier>{98108fac-a938-4c54-8d69-9fbc2a9c75c4}</UniqueIdentifier>
      <Extensions>cpp</Extensions>
    </Filter>
    <Filter Include="Header Files">
      <UniqueIdentifier>{2315b8a0-193c-4423-943b-cc5f0cf98a3a}</UniqueIdentifier>
      <Extensions>h</Extensions>
    </Filter>
  </ItemGroup>
  <ItemGroup>
    <ClCompile Include="finite.cpp">
      <Filter>Source Files</Filter>
    </ClCompile>
    <ClCompile Include="chgsign.cpp">
      <Filter>Source Files</Filter>
    </ClCompile>
    <ClCompile Include="copysign.cpp">
      <Filter>Source Files</Filter>
    </ClCompile>
    <ClCompile Include="popcount.cpp">
      <Filter>Source Files</Filter>
    </ClCompile>
    <ClCompile Include="float_bits.cpp">
      <Filter>Source Files</Filter>
    </ClCompile>
    <ClCompile Include="frexp.cpp">
      <Filter>Source Files</Filter>
    </ClCompile>
    <ClCompile Include="limits.cpp">
      <Filter>Source Files</Filter>
    </ClCompile>
    <ClCompile Include="nextafter.cpp">
      <Filter>Source Files</Filter>
    </ClCompile>
    <ClCompile Include="ulp.cpp">
      <Filter>Source Files</Filter>
    </ClCompile>
    <ClCompile Include="xllfloat.cpp">
      <Filter>Source Files</Filter>
    </ClCompile>
    <ClCompile Include="polynomial.cpp">
      <Filter>Source Files</Filter>
    </ClCompile>
    <ClCompile Include="reverse.cpp">
      <Filter>Source Files</Filter>
    </ClCompile>
    <ClCompile Include="ldexp.cpp">
      <Filter>Source Files</Filter>
    </ClCompile>
  </ItemGroup>
  <ItemGroup>
    <ClInclude Include="ulp.h">
      <Filter>Header Files</Filter>
    </ClInclude>
    <ClInclude Include="popcount.h">
      <Filter>Header Files</Filter>
    </ClInclude>
    <ClInclude Include="xllfloat.h">
      <Filter>Header Files</Filter>
    </ClInclude>
  </ItemGroup>
  <ItemGroup>
    <None Include="README.md" />
    <None Include="Debug\hw2.xlsx" />
  </ItemGroup>
</Project>